// !$*UTF8*$!
{
	archiveVersion = 1;
	classes = {
	};
	objectVersion = 55;
	objects = {

/* Begin PBXBuildFile section */
		AC701374270B074400CD69FF /* Apple_MusicApp.swift in Sources */ = {isa = PBXBuildFile; fileRef = AC701373270B074300CD69FF /* Apple_MusicApp.swift */; };
		AC701378270B074900CD69FF /* Assets.xcassets in Resources */ = {isa = PBXBuildFile; fileRef = AC701377270B074900CD69FF /* Assets.xcassets */; };
		AC70137B270B074900CD69FF /* Preview Assets.xcassets in Resources */ = {isa = PBXBuildFile; fileRef = AC70137A270B074900CD69FF /* Preview Assets.xcassets */; };
		AC701386270B0CA700CD69FF /* LibraryView.swift in Sources */ = {isa = PBXBuildFile; fileRef = AC701385270B0CA700CD69FF /* LibraryView.swift */; };
		AC70138C270CCEFD00CD69FF /* PlayerView.swift in Sources */ = {isa = PBXBuildFile; fileRef = AC70138B270CCEFD00CD69FF /* PlayerView.swift */; };
		ACD86EC927161DDE008FE19B /* TabBar.swift in Sources */ = {isa = PBXBuildFile; fileRef = ACD86EC827161DDE008FE19B /* TabBar.swift */; };
		ACFDFC69270E268400B08C60 /* LibraryViewList.swift in Sources */ = {isa = PBXBuildFile; fileRef = ACFDFC68270E268400B08C60 /* LibraryViewList.swift */; };
		ACFDFC6B270F8CF000B08C60 /* LibraryViewInfo.swift in Sources */ = {isa = PBXBuildFile; fileRef = ACFDFC6A270F8CF000B08C60 /* LibraryViewInfo.swift */; };
		ACFDFC6E2710C6E200B08C60 /* LibraryModel.swift in Sources */ = {isa = PBXBuildFile; fileRef = ACFDFC6D2710C6E200B08C60 /* LibraryModel.swift */; };
/* End PBXBuildFile section */

/* Begin PBXFileReference section */
		AC701370270B074300CD69FF /* Apple_Music.app */ = {isa = PBXFileReference; explicitFileType = wrapper.application; includeInIndex = 0; path = Apple_Music.app; sourceTree = BUILT_PRODUCTS_DIR; };
		AC701373270B074300CD69FF /* Apple_MusicApp.swift */ = {isa = PBXFileReference; lastKnownFileType = sourcecode.swift; path = Apple_MusicApp.swift; sourceTree = "<group>"; };
		AC701377270B074900CD69FF /* Assets.xcassets */ = {isa = PBXFileReference; lastKnownFileType = folder.assetcatalog; path = Assets.xcassets; sourceTree = "<group>"; };
		AC70137A270B074900CD69FF /* Preview Assets.xcassets */ = {isa = PBXFileReference; lastKnownFileType = folder.assetcatalog; path = "Preview Assets.xcassets"; sourceTree = "<group>"; };
		AC701385270B0CA700CD69FF /* LibraryView.swift */ = {isa = PBXFileReference; lastKnownFileType = sourcecode.swift; path = LibraryView.swift; sourceTree = "<group>"; };
		AC70138B270CCEFD00CD69FF /* PlayerView.swift */ = {isa = PBXFileReference; lastKnownFileType = sourcecode.swift; path = PlayerView.swift; sourceTree = "<group>"; };
		ACD86EC827161DDE008FE19B /* TabBar.swift */ = {isa = PBXFileReference; lastKnownFileType = sourcecode.swift; path = TabBar.swift; sourceTree = "<group>"; };
		ACFDFC68270E268400B08C60 /* LibraryViewList.swift */ = {isa = PBXFileReference; lastKnownFileType = sourcecode.swift; path = LibraryViewList.swift; sourceTree = "<group>"; };
		ACFDFC6A270F8CF000B08C60 /* LibraryViewInfo.swift */ = {isa = PBXFileReference; lastKnownFileType = sourcecode.swift; path = LibraryViewInfo.swift; sourceTree = "<group>"; };
		ACFDFC6D2710C6E200B08C60 /* LibraryModel.swift */ = {isa = PBXFileReference; lastKnownFileType = sourcecode.swift; path = LibraryModel.swift; sourceTree = "<group>"; };
/* End PBXFileReference section */

/* Begin PBXFrameworksBuildPhase section */
		AC70136D270B074300CD69FF /* Frameworks */ = {
			isa = PBXFrameworksBuildPhase;
			buildActionMask = 2147483647;
			files = (
			);
			runOnlyForDeploymentPostprocessing = 0;
		};
/* End PBXFrameworksBuildPhase section */

/* Begin PBXGroup section */
		AC701367270B074300CD69FF = {
			isa = PBXGroup;
			children = (
				AC701372270B074300CD69FF /* Apple_Music */,
				AC701371270B074300CD69FF /* Products */,
			);
			sourceTree = "<group>";
		};
		AC701371270B074300CD69FF /* Products */ = {
			isa = PBXGroup;
			children = (
				AC701370270B074300CD69FF /* Apple_Music.app */,
			);
			name = Products;
			sourceTree = "<group>";
		};
		AC701372270B074300CD69FF /* Apple_Music */ = {
			isa = PBXGroup;
			children = (
				AC701381270B0B9E00CD69FF /* App */,
				AC701382270B0BB300CD69FF /* View */,
				AC701377270B074900CD69FF /* Assets.xcassets */,
				AC701379270B074900CD69FF /* Preview Content */,
			);
			path = Apple_Music;
			sourceTree = "<group>";
		};
		AC701379270B074900CD69FF /* Preview Content */ = {
			isa = PBXGroup;
			children = (
				AC70137A270B074900CD69FF /* Preview Assets.xcassets */,
			);
			path = "Preview Content";
			sourceTree = "<group>";
		};
		AC701381270B0B9E00CD69FF /* App */ = {
			isa = PBXGroup;
			children = (
				AC701373270B074300CD69FF /* Apple_MusicApp.swift */,
			);
			path = App;
			sourceTree = "<group>";
		};
		AC701382270B0BB300CD69FF /* View */ = {
			isa = PBXGroup;
			children = (
				AC701384270B0C5700CD69FF /* Modules */,
				ACFDFC6C2710C6B600B08C60 /* Model */,
			);
			path = View;
			sourceTree = "<group>";
		};
		AC701384270B0C5700CD69FF /* Modules */ = {
			isa = PBXGroup;
			children = (
				ACD86ECB2716325D008FE19B /* Player */,
				ACD86ECA2716324C008FE19B /* Library */,
				ACD86EC827161DDE008FE19B /* TabBar.swift */,
			);
			path = Modules;
			sourceTree = "<group>";
		};
		ACD86ECA2716324C008FE19B /* Library */ = {
			isa = PBXGroup;
			children = (
				ACFDFC6A270F8CF000B08C60 /* LibraryViewInfo.swift */,
				ACFDFC68270E268400B08C60 /* LibraryViewList.swift */,
				AC701385270B0CA700CD69FF /* LibraryView.swift */,
			);
			path = Library;
			sourceTree = "<group>";
		};
		ACD86ECB2716325D008FE19B /* Player */ = {
			isa = PBXGroup;
			children = (
				AC70138B270CCEFD00CD69FF /* PlayerView.swift */,
			);
			path = Player;
			sourceTree = "<group>";
		};
		ACFDFC6C2710C6B600B08C60 /* Model */ = {
			isa = PBXGroup;
			children = (
				ACFDFC6D2710C6E200B08C60 /* LibraryModel.swift */,
			);
			path = Model;
			sourceTree = "<group>";
		};
/* End PBXGroup section */

/* Begin PBXNativeTarget section */
		AC70136F270B074300CD69FF /* Apple_Music */ = {
			isa = PBXNativeTarget;
			buildConfigurationList = AC70137E270B074900CD69FF /* Build configuration list for PBXNativeTarget "Apple_Music" */;
			buildPhases = (
				AC70136C270B074300CD69FF /* Sources */,
				AC70136D270B074300CD69FF /* Frameworks */,
				AC70136E270B074300CD69FF /* Resources */,
			);
			buildRules = (
			);
			dependencies = (
			);
			name = Apple_Music;
			productName = Apple_Music;
			productReference = AC701370270B074300CD69FF /* Apple_Music.app */;
			productType = "com.apple.product-type.application";
		};
/* End PBXNativeTarget section */

/* Begin PBXProject section */
		AC701368270B074300CD69FF /* Project object */ = {
			isa = PBXProject;
			attributes = {
				BuildIndependentTargetsInParallel = 1;
				LastSwiftUpdateCheck = 1300;
				LastUpgradeCheck = 1300;
				TargetAttributes = {
					AC70136F270B074300CD69FF = {
						CreatedOnToolsVersion = 13.0;
					};
				};
			};
			buildConfigurationList = AC70136B270B074300CD69FF /* Build configuration list for PBXProject "Apple_Music" */;
			compatibilityVersion = "Xcode 13.0";
			developmentRegion = en;
			hasScannedForEncodings = 0;
			knownRegions = (
				en,
				Base,
			);
			mainGroup = AC701367270B074300CD69FF;
			productRefGroup = AC701371270B074300CD69FF /* Products */;
			projectDirPath = "";
			projectRoot = "";
			targets = (
				AC70136F270B074300CD69FF /* Apple_Music */,
			);
		};
/* End PBXProject section */

/* Begin PBXResourcesBuildPhase section */
		AC70136E270B074300CD69FF /* Resources */ = {
			isa = PBXResourcesBuildPhase;
			buildActionMask = 2147483647;
			files = (
				AC70137B270B074900CD69FF /* Preview Assets.xcassets in Resources */,
				AC701378270B074900CD69FF /* Assets.xcassets in Resources */,
			);
			runOnlyForDeploymentPostprocessing = 0;
		};
/* End PBXResourcesBuildPhase section */

/* Begin PBXSourcesBuildPhase section */
		AC70136C270B074300CD69FF /* Sources */ = {
			isa = PBXSourcesBuildPhase;
			buildActionMask = 2147483647;
			files = (
				ACFDFC6E2710C6E200B08C60 /* LibraryModel.swift in Sources */,
				ACFDFC6B270F8CF000B08C60 /* LibraryViewInfo.swift in Sources */,
				ACFDFC69270E268400B08C60 /* LibraryViewList.swift in Sources */,
				AC701374270B074400CD69FF /* Apple_MusicApp.swift in Sources */,
				AC70138C270CCEFD00CD69FF /* PlayerView.swift in Sources */,
				AC701386270B0CA700CD69FF /* LibraryView.swift in Sources */,
				ACD86EC927161DDE008FE19B /* TabBar.swift in Sources */,
			);
			runOnlyForDeploymentPostprocessing = 0;
		};
/* End PBXSourcesBuildPhase section */

/* Begin XCBuildConfiguration section */
		AC70137C270B074900CD69FF /* Debug */ = {
			isa = XCBuildConfiguration;
			buildSettings = {
				ALWAYS_SEARCH_USER_PATHS = NO;
				CLANG_ANALYZER_NONNULL = YES;
				CLANG_ANALYZER_NUMBER_OBJECT_CONVERSION = YES_AGGRESSIVE;
				CLANG_CXX_LANGUAGE_STANDARD = "gnu++17";
				CLANG_CXX_LIBRARY = "libc++";
				CLANG_ENABLE_MODULES = YES;
				CLANG_ENABLE_OBJC_ARC = YES;
				CLANG_ENABLE_OBJC_WEAK = YES;
				CLANG_WARN_BLOCK_CAPTURE_AUTORELEASING = YES;
				CLANG_WARN_BOOL_CONVERSION = YES;
				CLANG_WARN_COMMA = YES;
				CLANG_WARN_CONSTANT_CONVERSION = YES;
				CLANG_WARN_DEPRECATED_OBJC_IMPLEMENTATIONS = YES;
				CLANG_WARN_DIRECT_OBJC_ISA_USAGE = YES_ERROR;
				CLANG_WARN_DOCUMENTATION_COMMENTS = YES;
				CLANG_WARN_EMPTY_BODY = YES;
				CLANG_WARN_ENUM_CONVERSION = YES;
				CLANG_WARN_INFINITE_RECURSION = YES;
				CLANG_WARN_INT_CONVERSION = YES;
				CLANG_WARN_NON_LITERAL_NULL_CONVERSION = YES;
				CLANG_WARN_OBJC_IMPLICIT_RETAIN_SELF = YES;
				CLANG_WARN_OBJC_LITERAL_CONVERSION = YES;
				CLANG_WARN_OBJC_ROOT_CLASS = YES_ERROR;
				CLANG_WARN_QUOTED_INCLUDE_IN_FRAMEWORK_HEADER = YES;
				CLANG_WARN_RANGE_LOOP_ANALYSIS = YES;
				CLANG_WARN_STRICT_PROTOTYPES = YES;
				CLANG_WARN_SUSPICIOUS_MOVE = YES;
				CLANG_WARN_UNGUARDED_AVAILABILITY = YES_AGGRESSIVE;
				CLANG_WARN_UNREACHABLE_CODE = YES;
				CLANG_WARN__DUPLICATE_METHOD_MATCH = YES;
				COPY_PHASE_STRIP = NO;
				DEBUG_INFORMATION_FORMAT = dwarf;
				ENABLE_STRICT_OBJC_MSGSEND = YES;
				ENABLE_TESTABILITY = YES;
				GCC_C_LANGUAGE_STANDARD = gnu11;
				GCC_DYNAMIC_NO_PIC = NO;
				GCC_NO_COMMON_BLOCKS = YES;
				GCC_OPTIMIZATION_LEVEL = 0;
				GCC_PREPROCESSOR_DEFINITIONS = (
					"DEBUG=1",
					"$(inherited)",
				);
				GCC_WARN_64_TO_32_BIT_CONVERSION = YES;
				GCC_WARN_ABOUT_RETURN_TYPE = YES_ERROR;
				GCC_WARN_UNDECLARED_SELECTOR = YES;
				GCC_WARN_UNINITIALIZED_AUTOS = YES_AGGRESSIVE;
				GCC_WARN_UNUSED_FUNCTION = YES;
				GCC_WARN_UNUSED_VARIABLE = YES;
				IPHONEOS_DEPLOYMENT_TARGET = 15.0;
				MTL_ENABLE_DEBUG_INFO = INCLUDE_SOURCE;
				MTL_FAST_MATH = YES;
				ONLY_ACTIVE_ARCH = YES;
				SDKROOT = iphoneos;
				SWIFT_ACTIVE_COMPILATION_CONDITIONS = DEBUG;
				SWIFT_OPTIMIZATION_LEVEL = "-Onone";
			};
			name = Debug;
		};
		AC70137D270B074900CD69FF /* Release */ = {
			isa = XCBuildConfiguration;
			buildSettings = {
				ALWAYS_SEARCH_USER_PATHS = NO;
				CLANG_ANALYZER_NONNULL = YES;
				CLANG_ANALYZER_NUMBER_OBJECT_CONVERSION = YES_AGGRESSIVE;
				CLANG_CXX_LANGUAGE_STANDARD = "gnu++17";
				CLANG_CXX_LIBRARY = "libc++";
				CLANG_ENABLE_MODULES = YES;
				CLANG_ENABLE_OBJC_ARC = YES;
				CLANG_ENABLE_OBJC_WEAK = YES;
				CLANG_WARN_BLOCK_CAPTURE_AUTORELEASING = YES;
				CLANG_WARN_BOOL_CONVERSION = YES;
				CLANG_WARN_COMMA = YES;
				CLANG_WARN_CONSTANT_CONVERSION = YES;
				CLANG_WARN_DEPRECATED_OBJC_IMPLEMENTATIONS = YES;
				CLANG_WARN_DIRECT_OBJC_ISA_USAGE = YES_ERROR;
				CLANG_WARN_DOCUMENTATION_COMMENTS = YES;
				CLANG_WARN_EMPTY_BODY = YES;
				CLANG_WARN_ENUM_CONVERSION = YES;
				CLANG_WARN_INFINITE_RECURSION = YES;
				CLANG_WARN_INT_CONVERSION = YES;
				CLANG_WARN_NON_LITERAL_NULL_CONVERSION = YES;
				CLANG_WARN_OBJC_IMPLICIT_RETAIN_SELF = YES;
				CLANG_WARN_OBJC_LITERAL_CONVERSION = YES;
				CLANG_WARN_OBJC_ROOT_CLASS = YES_ERROR;
				CLANG_WARN_QUOTED_INCLUDE_IN_FRAMEWORK_HEADER = YES;
				CLANG_WARN_RANGE_LOOP_ANALYSIS = YES;
				CLANG_WARN_STRICT_PROTOTYPES = YES;
				CLANG_WARN_SUSPICIOUS_MOVE = YES;
				CLANG_WARN_UNGUARDED_AVAILABILITY = YES_AGGRESSIVE;
				CLANG_WARN_UNREACHABLE_CODE = YES;
				CLANG_WARN__DUPLICATE_METHOD_MATCH = YES;
				COPY_PHASE_STRIP = NO;
				DEBUG_INFORMATION_FORMAT = "dwarf-with-dsym";
				ENABLE_NS_ASSERTIONS = NO;
				ENABLE_STRICT_OBJC_MSGSEND = YES;
				GCC_C_LANGUAGE_STANDARD = gnu11;
				GCC_NO_COMMON_BLOCKS = YES;
				GCC_WARN_64_TO_32_BIT_CONVERSION = YES;
				GCC_WARN_ABOUT_RETURN_TYPE = YES_ERROR;
				GCC_WARN_UNDECLARED_SELECTOR = YES;
				GCC_WARN_UNINITIALIZED_AUTOS = YES_AGGRESSIVE;
				GCC_WARN_UNUSED_FUNCTION = YES;
				GCC_WARN_UNUSED_VARIABLE = YES;
				IPHONEOS_DEPLOYMENT_TARGET = 15.0;
				MTL_ENABLE_DEBUG_INFO = NO;
				MTL_FAST_MATH = YES;
				SDKROOT = iphoneos;
				SWIFT_COMPILATION_MODE = wholemodule;
				SWIFT_OPTIMIZATION_LEVEL = "-O";
				VALIDATE_PRODUCT = YES;
			};
			name = Release;
		};
		AC70137F270B074900CD69FF /* Debug */ = {
			isa = XCBuildConfiguration;
			buildSettings = {
				ASSETCATALOG_COMPILER_APPICON_NAME = AppIcon;
				ASSETCATALOG_COMPILER_GLOBAL_ACCENT_COLOR_NAME = AccentColor;
				CODE_SIGN_STYLE = Automatic;
				CURRENT_PROJECT_VERSION = 1;
				DEVELOPMENT_ASSET_PATHS = "\"Apple_Music/Preview Content\"";
				DEVELOPMENT_TEAM = 8F65V3YM64;
				ENABLE_PREVIEWS = YES;
				GENERATE_INFOPLIST_FILE = YES;
				INFOPLIST_KEY_UIApplicationSceneManifest_Generation = YES;
				INFOPLIST_KEY_UIApplicationSupportsIndirectInputEvents = YES;
				INFOPLIST_KEY_UILaunchScreen_Generation = YES;
				INFOPLIST_KEY_UISupportedInterfaceOrientations_iPad = "UIInterfaceOrientationPortrait UIInterfaceOrientationPortraitUpsideDown UIInterfaceOrientationLandscapeLeft UIInterfaceOrientationLandscapeRight";
				INFOPLIST_KEY_UISupportedInterfaceOrientations_iPhone = "UIInterfaceOrientationPortrait UIInterfaceOrientationLandscapeLeft UIInterfaceOrientationLandscapeRight";
				IPHONEOS_DEPLOYMENT_TARGET = 14.0;
				LD_RUNPATH_SEARCH_PATHS = (
					"$(inherited)",
					"@executable_path/Frameworks",
				);
				MARKETING_VERSION = 1.0;
				PRODUCT_BUNDLE_IDENTIFIER = "com.my.Apple-Music";
				PRODUCT_NAME = "$(TARGET_NAME)";
				SWIFT_EMIT_LOC_STRINGS = YES;
				SWIFT_VERSION = 5.0;
				TARGETED_DEVICE_FAMILY = "1,2";
			};
			name = Debug;
		};
		AC701380270B074900CD69FF /* Release */ = {
			isa = XCBuildConfiguration;
			buildSettings = {
				ASSETCATALOG_COMPILER_APPICON_NAME = AppIcon;
				ASSETCATALOG_COMPILER_GLOBAL_ACCENT_COLOR_NAME = AccentColor;
				CODE_SIGN_STYLE = Automatic;
				CURRENT_PROJECT_VERSION = 1;
				DEVELOPMENT_ASSET_PATHS = "\"Apple_Music/Preview Content\"";
				DEVELOPMENT_TEAM = 8F65V3YM64;
				ENABLE_PREVIEWS = YES;
				GENERATE_INFOPLIST_FILE = YES;
				INFOPLIST_KEY_UIApplicationSceneManifest_Generation = YES;
				INFOPLIST_KEY_UIApplicationSupportsIndirectInputEvents = YES;
				INFOPLIST_KEY_UILaunchScreen_Generation = YES;
				INFOPLIST_KEY_UISupportedInterfaceOrientations_iPad = "UIInterfaceOrientationPortrait UIInterfaceOrientationPortraitUpsideDown UIInterfaceOrientationLandscapeLeft UIInterfaceOrientationLandscapeRight";
				INFOPLIST_KEY_UISupportedInterfaceOrientations_iPhone = "UIInterfaceOrientationPortrait UIInterfaceOrientationLandscapeLeft UIInterfaceOrientationLandscapeRight";
				IPHONEOS_DEPLOYMENT_TARGET = 14.0;
				LD_RUNPATH_SEARCH_PATHS = (
					"$(inherited)",
					"@executable_path/Frameworks",
				);
				MARKETING_VERSION = 1.0;
				PRODUCT_BUNDLE_IDENTIFIER = "com.my.Apple-Music";
				PRODUCT_NAME = "$(TARGET_NAME)";
				SWIFT_EMIT_LOC_STRINGS = YES;
				SWIFT_VERSION = 5.0;
				TARGETED_DEVICE_FAMILY = "1,2";
			};
			name = Release;
		};
/* End XCBuildConfiguration section */

/* Begin XCConfigurationList section */
		AC70136B270B074300CD69FF /* Build configuration list for PBXProject "Apple_Music" */ = {
			isa = XCConfigurationList;
			buildConfigurations = (
				AC70137C270B074900CD69FF /* Debug */,
				AC70137D270B074900CD69FF /* Release */,
			);
			defaultConfigurationIsVisible = 0;
			defaultConfigurationName = Release;
		};
		AC70137E270B074900CD69FF /* Build configuration list for PBXNativeTarget "Apple_Music" */ = {
			isa = XCConfigurationList;
			buildConfigurations = (
				AC70137F270B074900CD69FF /* Debug */,
				AC701380270B074900CD69FF /* Release */,
			);
			defaultConfigurationIsVisible = 0;
			defaultConfigurationName = Release;
		};
/* End XCConfigurationList section */
	};
	rootObject = AC701368270B074300CD69FF /* Project object */;
}
